
Microsoft Visual Studio Solution File, Format Version 12.00
# Visual Studio Version 16
VisualStudioVersion = 16.0.30104.148
MinimumVisualStudioVersion = 10.0.40219.1
Project("{2150E333-8FDC-42A3-9474-1A3956D46DE8}") = "src", "src", "{94A8E391-BF13-4585-A3AD-2F962416E4C9}"
EndProject
Project("{2150E333-8FDC-42A3-9474-1A3956D46DE8}") = "test", "test", "{13519EBD-7709-4E44-B1BF-0FFC6D57132B}"
EndProject
Project("{2150E333-8FDC-42A3-9474-1A3956D46DE8}") = "UI", "UI", "{DF48234B-52EF-439C-AD4E-B990FC835E13}"
EndProject
Project("{2150E333-8FDC-42A3-9474-1A3956D46DE8}") = "Business", "Business", "{94B2053E-7755-4BE1-9EEF-FACB594228F5}"
EndProject
Project("{2150E333-8FDC-42A3-9474-1A3956D46DE8}") = "Data", "Data", "{E228EE1A-DE78-407B-B336-B9D8A33FBDFA}"
EndProject
Project("{2150E333-8FDC-42A3-9474-1A3956D46DE8}") = "UnitTests", "UnitTests", "{9ECC26B2-2B49-42A1-907A-46F0922841E0}"
EndProject
Project("{FAE04EC0-301F-11D3-BF4B-00C04F79EFBC}") = "HouseApp.UI.RazorPages", "src\UI\HouseApp.UI.RazorPages\HouseApp.UI.RazorPages.csproj", "{1B820474-E41A-48A2-B0EA-2EC0A1903D12}"
EndProject
Project("{FAE04EC0-301F-11D3-BF4B-00C04F79EFBC}") = "HouseApp.UI.API", "src\UI\HouseApp.UI.API\HouseApp.UI.API.csproj", "{DCCE84A1-9911-44F3-BAF2-1698888EB66C}"
EndProject
Project("{FAE04EC0-301F-11D3-BF4B-00C04F79EFBC}") = "HouseApp.Business.Services", "src\Business\HouseApp.Business.Services\HouseApp.Business.Services.csproj", "{1F8454EA-3D73-4F12-8784-34D8C1364E61}"
EndProject
Project("{FAE04EC0-301F-11D3-BF4B-00C04F79EFBC}") = "HouseApp.Business.Common", "src\Business\HouseApp.Business.Common\HouseApp.Business.Common.csproj", "{BD77D5A8-C720-44EA-AA2D-8B7129615FBF}"
EndProject
Project("{FAE04EC0-301F-11D3-BF4B-00C04F79EFBC}") = "HouseApp.Business.Repository", "src\Business\HouseApp.Business.Repository\HouseApp.Business.Repository.csproj", "{AF199D16-17FE-4FF7-B9DF-F9E76A6E0DF8}"
EndProject
Project("{FAE04EC0-301F-11D3-BF4B-00C04F79EFBC}") = "HouseApp.Business.Auth", "src\Business\HouseApp.Business.Auth\HouseApp.Business.Auth.csproj", "{C7BED0B4-9A2C-47BE-825D-2EAE9CA7B820}"
EndProject
Project("{FAE04EC0-301F-11D3-BF4B-00C04F79EFBC}") = "HouseApp.Business.Logging", "src\Business\HouseApp.Business.Logging\HouseApp.Business.Logging.csproj", "{B444D6E9-6332-48D5-8FC7-9241BAB136EF}"
EndProject
Project("{FAE04EC0-301F-11D3-BF4B-00C04F79EFBC}") = "HouseApp.Business.Integrations", "src\Business\HouseApp.Business.Integrations\HouseApp.Business.Integrations.csproj", "{E5767E16-D687-46FC-AAA7-4AF2D3A807A2}"
EndProject
Project("{FAE04EC0-301F-11D3-BF4B-00C04F79EFBC}") = "HouseApp.Data.SqlServer", "src\Data\HouseApp.Data.SqlServer\HouseApp.Data.SqlServer.csproj", "{397AAD8D-408D-4206-B1DA-1454F1C59493}"
EndProject
Project("{FAE04EC0-301F-11D3-BF4B-00C04F79EFBC}") = "HouseApp.Data.SQLite", "src\Data\HouseApp.Data.SQLite\HouseApp.Data.SQLite.csproj", "{6464D2A8-45A5-4A36-B703-11DD5C8CB707}"
EndProject
Project("{FAE04EC0-301F-11D3-BF4B-00C04F79EFBC}") = "HouseApp.UnitTests.UI", "test\UnitTests\HouseApp.UnitTests.UI\HouseApp.UnitTests.UI.csproj", "{7290BD93-ACA5-4572-8638-6468CB72DE82}"
EndProject
Project("{FAE04EC0-301F-11D3-BF4B-00C04F79EFBC}") = "HouseApp.UnitTests.Business", "test\UnitTests\HouseApp.UnitTests.Business\HouseApp.UnitTests.Business.csproj", "{5A6D5CB1-6F32-4E50-9315-ABD2F4021AFE}"
EndProject
Project("{FAE04EC0-301F-11D3-BF4B-00C04F79EFBC}") = "HouseApp.UnitTests.Data", "test\UnitTests\HouseApp.UnitTests.Data\HouseApp.UnitTests.Data.csproj", "{2BFC9738-5FC8-4C88-B8DE-AACC53EDB21E}"
EndProject
Project("{2150E333-8FDC-42A3-9474-1A3956D46DE8}") = "IntegrationTests", "IntegrationTests", "{8DF6581C-6574-4B28-929C-FB72E508370C}"
EndProject
Project("{FAE04EC0-301F-11D3-BF4B-00C04F79EFBC}") = "HouseApp.IntegrationTests.Network", "test\IntegrationTests\HouseApp.IntegrationTests.Network\HouseApp.IntegrationTests.Network.csproj", "{1D12AF52-DF80-4BD6-975A-3B3BDFC0DD28}"
EndProject
Project("{FAE04EC0-301F-11D3-BF4B-00C04F79EFBC}") = "HouseApp.IntegrationTests.Database", "test\IntegrationTests\HouseApp.IntegrationTests.Database\HouseApp.IntegrationTests.Database.csproj", "{06A832C2-CB1F-4464-A817-24D08DA68BD4}"
EndProject
Project("{FAE04EC0-301F-11D3-BF4B-00C04F79EFBC}") = "HouseApp.IntegrationTests.FileSystem", "test\IntegrationTests\HouseApp.IntegrationTests.FileSystem\HouseApp.IntegrationTests.FileSystem.csproj", "{0727A0A5-2B21-452B-8F69-289FD429B0EC}"
EndProject
Project("{FAE04EC0-301F-11D3-BF4B-00C04F79EFBC}") = "HouseApp.UI.Desktop", "src\UI\HouseApp.UI.Desktop\HouseApp.UI.Desktop.csproj", "{B9A0399C-64F4-42CF-A9C2-BBBD799272CA}"
EndProject
Global
	GlobalSection(SolutionConfigurationPlatforms) = preSolution
		Debug|Any CPU = Debug|Any CPU
		Release|Any CPU = Release|Any CPU
	EndGlobalSection
	GlobalSection(ProjectConfigurationPlatforms) = postSolution
		{1B820474-E41A-48A2-B0EA-2EC0A1903D12}.Debug|Any CPU.ActiveCfg = Debug|Any CPU
		{1B820474-E41A-48A2-B0EA-2EC0A1903D12}.Debug|Any CPU.Build.0 = Debug|Any CPU
		{1B820474-E41A-48A2-B0EA-2EC0A1903D12}.Release|Any CPU.ActiveCfg = Release|Any CPU
		{1B820474-E41A-48A2-B0EA-2EC0A1903D12}.Release|Any CPU.Build.0 = Release|Any CPU
		{DCCE84A1-9911-44F3-BAF2-1698888EB66C}.Debug|Any CPU.ActiveCfg = Debug|Any CPU
		{DCCE84A1-9911-44F3-BAF2-1698888EB66C}.Debug|Any CPU.Build.0 = Debug|Any CPU
		{DCCE84A1-9911-44F3-BAF2-1698888EB66C}.Release|Any CPU.ActiveCfg = Release|Any CPU
		{DCCE84A1-9911-44F3-BAF2-1698888EB66C}.Release|Any CPU.Build.0 = Release|Any CPU
		{1F8454EA-3D73-4F12-8784-34D8C1364E61}.Debug|Any CPU.ActiveCfg = Debug|Any CPU
		{1F8454EA-3D73-4F12-8784-34D8C1364E61}.Debug|Any CPU.Build.0 = Debug|Any CPU
		{1F8454EA-3D73-4F12-8784-34D8C1364E61}.Release|Any CPU.ActiveCfg = Release|Any CPU
		{1F8454EA-3D73-4F12-8784-34D8C1364E61}.Release|Any CPU.Build.0 = Release|Any CPU
		{BD77D5A8-C720-44EA-AA2D-8B7129615FBF}.Debug|Any CPU.ActiveCfg = Debug|Any CPU
		{BD77D5A8-C720-44EA-AA2D-8B7129615FBF}.Debug|Any CPU.Build.0 = Debug|Any CPU
		{BD77D5A8-C720-44EA-AA2D-8B7129615FBF}.Release|Any CPU.ActiveCfg = Release|Any CPU
		{BD77D5A8-C720-44EA-AA2D-8B7129615FBF}.Release|Any CPU.Build.0 = Release|Any CPU
		{AF199D16-17FE-4FF7-B9DF-F9E76A6E0DF8}.Debug|Any CPU.ActiveCfg = Debug|Any CPU
		{AF199D16-17FE-4FF7-B9DF-F9E76A6E0DF8}.Debug|Any CPU.Build.0 = Debug|Any CPU
		{AF199D16-17FE-4FF7-B9DF-F9E76A6E0DF8}.Release|Any CPU.ActiveCfg = Release|Any CPU
		{AF199D16-17FE-4FF7-B9DF-F9E76A6E0DF8}.Release|Any CPU.Build.0 = Release|Any CPU
		{C7BED0B4-9A2C-47BE-825D-2EAE9CA7B820}.Debug|Any CPU.ActiveCfg = Debug|Any CPU
		{C7BED0B4-9A2C-47BE-825D-2EAE9CA7B820}.Debug|Any CPU.Build.0 = Debug|Any CPU
		{C7BED0B4-9A2C-47BE-825D-2EAE9CA7B820}.Release|Any CPU.ActiveCfg = Release|Any CPU
		{C7BED0B4-9A2C-47BE-825D-2EAE9CA7B820}.Release|Any CPU.Build.0 = Release|Any CPU
		{B444D6E9-6332-48D5-8FC7-9241BAB136EF}.Debug|Any CPU.ActiveCfg = Debug|Any CPU
		{B444D6E9-6332-48D5-8FC7-9241BAB136EF}.Debug|Any CPU.Build.0 = Debug|Any CPU
		{B444D6E9-6332-48D5-8FC7-9241BAB136EF}.Release|Any CPU.ActiveCfg = Release|Any CPU
		{B444D6E9-6332-48D5-8FC7-9241BAB136EF}.Release|Any CPU.Build.0 = Release|Any CPU
		{E5767E16-D687-46FC-AAA7-4AF2D3A807A2}.Debug|Any CPU.ActiveCfg = Debug|Any CPU
		{E5767E16-D687-46FC-AAA7-4AF2D3A807A2}.Debug|Any CPU.Build.0 = Debug|Any CPU
		{E5767E16-D687-46FC-AAA7-4AF2D3A807A2}.Release|Any CPU.ActiveCfg = Release|Any CPU
		{E5767E16-D687-46FC-AAA7-4AF2D3A807A2}.Release|Any CPU.Build.0 = Release|Any CPU
		{397AAD8D-408D-4206-B1DA-1454F1C59493}.Debug|Any CPU.ActiveCfg = Debug|Any CPU
		{397AAD8D-408D-4206-B1DA-1454F1C59493}.Debug|Any CPU.Build.0 = Debug|Any CPU
		{397AAD8D-408D-4206-B1DA-1454F1C59493}.Release|Any CPU.ActiveCfg = Release|Any CPU
		{397AAD8D-408D-4206-B1DA-1454F1C59493}.Release|Any CPU.Build.0 = Release|Any CPU
		{6464D2A8-45A5-4A36-B703-11DD5C8CB707}.Debug|Any CPU.ActiveCfg = Debug|Any CPU
		{6464D2A8-45A5-4A36-B703-11DD5C8CB707}.Debug|Any CPU.Build.0 = Debug|Any CPU
		{6464D2A8-45A5-4A36-B703-11DD5C8CB707}.Release|Any CPU.ActiveCfg = Release|Any CPU
		{6464D2A8-45A5-4A36-B703-11DD5C8CB707}.Release|Any CPU.Build.0 = Release|Any CPU
		{7290BD93-ACA5-4572-8638-6468CB72DE82}.Debug|Any CPU.ActiveCfg = Debug|Any CPU
		{7290BD93-ACA5-4572-8638-6468CB72DE82}.Debug|Any CPU.Build.0 = Debug|Any CPU
		{7290BD93-ACA5-4572-8638-6468CB72DE82}.Release|Any CPU.ActiveCfg = Release|Any CPU
		{7290BD93-ACA5-4572-8638-6468CB72DE82}.Release|Any CPU.Build.0 = Release|Any CPU
		{5A6D5CB1-6F32-4E50-9315-ABD2F4021AFE}.Debug|Any CPU.ActiveCfg = Debug|Any CPU
		{5A6D5CB1-6F32-4E50-9315-ABD2F4021AFE}.Debug|Any CPU.Build.0 = Debug|Any CPU
		{5A6D5CB1-6F32-4E50-9315-ABD2F4021AFE}.Release|Any CPU.ActiveCfg = Release|Any CPU
		{5A6D5CB1-6F32-4E50-9315-ABD2F4021AFE}.Release|Any CPU.Build.0 = Release|Any CPU
		{2BFC9738-5FC8-4C88-B8DE-AACC53EDB21E}.Debug|Any CPU.ActiveCfg = Debug|Any CPU
		{2BFC9738-5FC8-4C88-B8DE-AACC53EDB21E}.Debug|Any CPU.Build.0 = Debug|Any CPU
		{2BFC9738-5FC8-4C88-B8DE-AACC53EDB21E}.Release|Any CPU.ActiveCfg = Release|Any CPU
		{2BFC9738-5FC8-4C88-B8DE-AACC53EDB21E}.Release|Any CPU.Build.0 = Release|Any CPU
		{1D12AF52-DF80-4BD6-975A-3B3BDFC0DD28}.Debug|Any CPU.ActiveCfg = Debug|Any CPU
		{1D12AF52-DF80-4BD6-975A-3B3BDFC0DD28}.Debug|Any CPU.Build.0 = Debug|Any CPU
		{1D12AF52-DF80-4BD6-975A-3B3BDFC0DD28}.Release|Any CPU.ActiveCfg = Release|Any CPU
		{1D12AF52-DF80-4BD6-975A-3B3BDFC0DD28}.Release|Any CPU.Build.0 = Release|Any CPU
		{06A832C2-CB1F-4464-A817-24D08DA68BD4}.Debug|Any CPU.ActiveCfg = Debug|Any CPU
		{06A832C2-CB1F-4464-A817-24D08DA68BD4}.Debug|Any CPU.Build.0 = Debug|Any CPU
		{06A832C2-CB1F-4464-A817-24D08DA68BD4}.Release|Any CPU.ActiveCfg = Release|Any CPU
		{06A832C2-CB1F-4464-A817-24D08DA68BD4}.Release|Any CPU.Build.0 = Release|Any CPU
		{0727A0A5-2B21-452B-8F69-289FD429B0EC}.Debug|Any CPU.ActiveCfg = Debug|Any CPU
		{0727A0A5-2B21-452B-8F69-289FD429B0EC}.Debug|Any CPU.Build.0 = Debug|Any CPU
		{0727A0A5-2B21-452B-8F69-289FD429B0EC}.Release|Any CPU.ActiveCfg = Release|Any CPU
		{0727A0A5-2B21-452B-8F69-289FD429B0EC}.Release|Any CPU.Build.0 = Release|Any CPU
		{B9A0399C-64F4-42CF-A9C2-BBBD799272CA}.Debug|Any CPU.ActiveCfg = Debug|Any CPU
		{B9A0399C-64F4-42CF-A9C2-BBBD799272CA}.Debug|Any CPU.Build.0 = Debug|Any CPU
		{B9A0399C-64F4-42CF-A9C2-BBBD799272CA}.Release|Any CPU.ActiveCfg = Release|Any CPU
		{B9A0399C-64F4-42CF-A9C2-BBBD799272CA}.Release|Any CPU.Build.0 = Release|Any CPU
	EndGlobalSection
	GlobalSection(SolutionProperties) = preSolution
		HideSolutionNode = FALSE
	EndGlobalSection
	GlobalSection(NestedProjects) = preSolution
		{DF48234B-52EF-439C-AD4E-B990FC835E13} = {94A8E391-BF13-4585-A3AD-2F962416E4C9}
		{94B2053E-7755-4BE1-9EEF-FACB594228F5} = {94A8E391-BF13-4585-A3AD-2F962416E4C9}
		{E228EE1A-DE78-407B-B336-B9D8A33FBDFA} = {94A8E391-BF13-4585-A3AD-2F962416E4C9}
		{9ECC26B2-2B49-42A1-907A-46F0922841E0} = {13519EBD-7709-4E44-B1BF-0FFC6D57132B}
		{1B820474-E41A-48A2-B0EA-2EC0A1903D12} = {DF48234B-52EF-439C-AD4E-B990FC835E13}
		{DCCE84A1-9911-44F3-BAF2-1698888EB66C} = {DF48234B-52EF-439C-AD4E-B990FC835E13}
		{1F8454EA-3D73-4F12-8784-34D8C1364E61} = {94B2053E-7755-4BE1-9EEF-FACB594228F5}
		{BD77D5A8-C720-44EA-AA2D-8B7129615FBF} = {94B2053E-7755-4BE1-9EEF-FACB594228F5}
		{AF199D16-17FE-4FF7-B9DF-F9E76A6E0DF8} = {94B2053E-7755-4BE1-9EEF-FACB594228F5}
		{C7BED0B4-9A2C-47BE-825D-2EAE9CA7B820} = {94B2053E-7755-4BE1-9EEF-FACB594228F5}
		{B444D6E9-6332-48D5-8FC7-9241BAB136EF} = {94B2053E-7755-4BE1-9EEF-FACB594228F5}
		{E5767E16-D687-46FC-AAA7-4AF2D3A807A2} = {94B2053E-7755-4BE1-9EEF-FACB594228F5}
		{397AAD8D-408D-4206-B1DA-1454F1C59493} = {E228EE1A-DE78-407B-B336-B9D8A33FBDFA}
		{6464D2A8-45A5-4A36-B703-11DD5C8CB707} = {E228EE1A-DE78-407B-B336-B9D8A33FBDFA}
		{7290BD93-ACA5-4572-8638-6468CB72DE82} = {9ECC26B2-2B49-42A1-907A-46F0922841E0}
		{5A6D5CB1-6F32-4E50-9315-ABD2F4021AFE} = {9ECC26B2-2B49-42A1-907A-46F0922841E0}
		{2BFC9738-5FC8-4C88-B8DE-AACC53EDB21E} = {9ECC26B2-2B49-42A1-907A-46F0922841E0}
		{8DF6581C-6574-4B28-929C-FB72E508370C} = {13519EBD-7709-4E44-B1BF-0FFC6D57132B}
		{1D12AF52-DF80-4BD6-975A-3B3BDFC0DD28} = {8DF6581C-6574-4B28-929C-FB72E508370C}
		{06A832C2-CB1F-4464-A817-24D08DA68BD4} = {8DF6581C-6574-4B28-929C-FB72E508370C}
		{0727A0A5-2B21-452B-8F69-289FD429B0EC} = {8DF6581C-6574-4B28-929C-FB72E508370C}
		{B9A0399C-64F4-42CF-A9C2-BBBD799272CA} = {DF48234B-52EF-439C-AD4E-B990FC835E13}
	EndGlobalSection
	GlobalSection(ExtensibilityGlobals) = postSolution
		SolutionGuid = {C9323FA9-193C-4D18-A7EA-7FD8505AC18D}
	EndGlobalSection
EndGlobal
