
Microsoft Visual Studio Solution File, Format Version 12.00
# Visual Studio Version 16
VisualStudioVersion = 16.0.30104.148
MinimumVisualStudioVersion = 10.0.40219.1
Project("{2150E333-8FDC-42A3-9474-1A3956D46DE8}") = "src", "src", "{94A8E391-BF13-4585-A3AD-2F962416E4C9}"
EndProject
Project("{2150E333-8FDC-42A3-9474-1A3956D46DE8}") = "test", "test", "{13519EBD-7709-4E44-B1BF-0FFC6D57132B}"
EndProject
Project("{2150E333-8FDC-42A3-9474-1A3956D46DE8}") = "UnitTests", "UnitTests", "{9ECC26B2-2B49-42A1-907A-46F0922841E0}"
EndProject
Project("{2150E333-8FDC-42A3-9474-1A3956D46DE8}") = "IntegrationTests", "IntegrationTests", "{8DF6581C-6574-4B28-929C-FB72E508370C}"
EndProject
Project("{2150E333-8FDC-42A3-9474-1A3956D46DE8}") = "Core", "Core", "{74825FB8-B1A9-442A-9986-E433AC72AC6D}"
EndProject
Project("{2150E333-8FDC-42A3-9474-1A3956D46DE8}") = "Infrastructure", "Infrastructure", "{924DA171-CF33-4348-B632-F097F5994383}"
EndProject
Project("{2150E333-8FDC-42A3-9474-1A3956D46DE8}") = "Presentation", "Presentation", "{3D996D3D-FDB0-4F85-A4B8-85D7F9291D71}"
EndProject
Project("{FAE04EC0-301F-11D3-BF4B-00C04F79EFBC}") = "HouseApp.Core.DomainModel", "src\Core\HouseApp.Core.DomainModel\HouseApp.Core.DomainModel.csproj", "{BC361FEC-F660-425D-A495-D59A560B3703}"
EndProject
Project("{FAE04EC0-301F-11D3-BF4B-00C04F79EFBC}") = "HouseApp.Core.ApplicationService", "src\Core\HouseApp.Core.ApplicationService\HouseApp.Core.ApplicationService.csproj", "{9C0CCACD-E2D1-4E7D-B19F-D8C4C3A1498F}"
EndProject
Project("{FAE04EC0-301F-11D3-BF4B-00C04F79EFBC}") = "HouseApp.Infrastructure.Data.SQLite", "src\Infrastructure\HouseApp.Infrastructure.Data.SQLite\HouseApp.Infrastructure.Data.SQLite.csproj", "{C3A83764-A6A1-42E5-BF78-416471A7C6CD}"
EndProject
Project("{FAE04EC0-301F-11D3-BF4B-00C04F79EFBC}") = "HouseApp.Infrastructure.Data.SqlServer", "src\Infrastructure\HouseApp.Infrastructure.Data.SqlServer\HouseApp.Infrastructure.Data.SqlServer.csproj", "{C8756BB8-BA82-4EA5-9A31-242AD585CC06}"
EndProject
Project("{FAE04EC0-301F-11D3-BF4B-00C04F79EFBC}") = "HouseApp.Infrastructure.Integrations.Banks", "HouseApp.Infrastructure.Integrations.Banks\HouseApp.Infrastructure.Integrations.Banks.csproj", "{566AF319-3966-4354-9D06-2BFA40E881F7}"
EndProject
Project("{FAE04EC0-301F-11D3-BF4B-00C04F79EFBC}") = "HouseApp.Infrastructure.Logging", "src\Infrastructure\HouseApp.Infrastructure.Logging\HouseApp.Infrastructure.Logging.csproj", "{F62551A2-1F78-4C96-9AB5-B36FBB1712FF}"
EndProject
Global
	GlobalSection(SolutionConfigurationPlatforms) = preSolution
		Debug|Any CPU = Debug|Any CPU
		Release|Any CPU = Release|Any CPU
	EndGlobalSection
	GlobalSection(ProjectConfigurationPlatforms) = postSolution
		{BC361FEC-F660-425D-A495-D59A560B3703}.Debug|Any CPU.ActiveCfg = Debug|Any CPU
		{BC361FEC-F660-425D-A495-D59A560B3703}.Debug|Any CPU.Build.0 = Debug|Any CPU
		{BC361FEC-F660-425D-A495-D59A560B3703}.Release|Any CPU.ActiveCfg = Release|Any CPU
		{BC361FEC-F660-425D-A495-D59A560B3703}.Release|Any CPU.Build.0 = Release|Any CPU
		{9C0CCACD-E2D1-4E7D-B19F-D8C4C3A1498F}.Debug|Any CPU.ActiveCfg = Debug|Any CPU
		{9C0CCACD-E2D1-4E7D-B19F-D8C4C3A1498F}.Debug|Any CPU.Build.0 = Debug|Any CPU
		{9C0CCACD-E2D1-4E7D-B19F-D8C4C3A1498F}.Release|Any CPU.ActiveCfg = Release|Any CPU
		{9C0CCACD-E2D1-4E7D-B19F-D8C4C3A1498F}.Release|Any CPU.Build.0 = Release|Any CPU
		{C3A83764-A6A1-42E5-BF78-416471A7C6CD}.Debug|Any CPU.ActiveCfg = Debug|Any CPU
		{C3A83764-A6A1-42E5-BF78-416471A7C6CD}.Debug|Any CPU.Build.0 = Debug|Any CPU
		{C3A83764-A6A1-42E5-BF78-416471A7C6CD}.Release|Any CPU.ActiveCfg = Release|Any CPU
		{C3A83764-A6A1-42E5-BF78-416471A7C6CD}.Release|Any CPU.Build.0 = Release|Any CPU
		{C8756BB8-BA82-4EA5-9A31-242AD585CC06}.Debug|Any CPU.ActiveCfg = Debug|Any CPU
		{C8756BB8-BA82-4EA5-9A31-242AD585CC06}.Debug|Any CPU.Build.0 = Debug|Any CPU
		{C8756BB8-BA82-4EA5-9A31-242AD585CC06}.Release|Any CPU.ActiveCfg = Release|Any CPU
		{C8756BB8-BA82-4EA5-9A31-242AD585CC06}.Release|Any CPU.Build.0 = Release|Any CPU
		{566AF319-3966-4354-9D06-2BFA40E881F7}.Debug|Any CPU.ActiveCfg = Debug|Any CPU
		{566AF319-3966-4354-9D06-2BFA40E881F7}.Debug|Any CPU.Build.0 = Debug|Any CPU
		{566AF319-3966-4354-9D06-2BFA40E881F7}.Release|Any CPU.ActiveCfg = Release|Any CPU
		{566AF319-3966-4354-9D06-2BFA40E881F7}.Release|Any CPU.Build.0 = Release|Any CPU
		{F62551A2-1F78-4C96-9AB5-B36FBB1712FF}.Debug|Any CPU.ActiveCfg = Debug|Any CPU
		{F62551A2-1F78-4C96-9AB5-B36FBB1712FF}.Debug|Any CPU.Build.0 = Debug|Any CPU
		{F62551A2-1F78-4C96-9AB5-B36FBB1712FF}.Release|Any CPU.ActiveCfg = Release|Any CPU
		{F62551A2-1F78-4C96-9AB5-B36FBB1712FF}.Release|Any CPU.Build.0 = Release|Any CPU
	EndGlobalSection
	GlobalSection(SolutionProperties) = preSolution
		HideSolutionNode = FALSE
	EndGlobalSection
	GlobalSection(NestedProjects) = preSolution
		{9ECC26B2-2B49-42A1-907A-46F0922841E0} = {13519EBD-7709-4E44-B1BF-0FFC6D57132B}
		{8DF6581C-6574-4B28-929C-FB72E508370C} = {13519EBD-7709-4E44-B1BF-0FFC6D57132B}
		{74825FB8-B1A9-442A-9986-E433AC72AC6D} = {94A8E391-BF13-4585-A3AD-2F962416E4C9}
		{924DA171-CF33-4348-B632-F097F5994383} = {94A8E391-BF13-4585-A3AD-2F962416E4C9}
		{3D996D3D-FDB0-4F85-A4B8-85D7F9291D71} = {94A8E391-BF13-4585-A3AD-2F962416E4C9}
		{BC361FEC-F660-425D-A495-D59A560B3703} = {74825FB8-B1A9-442A-9986-E433AC72AC6D}
		{9C0CCACD-E2D1-4E7D-B19F-D8C4C3A1498F} = {74825FB8-B1A9-442A-9986-E433AC72AC6D}
		{C3A83764-A6A1-42E5-BF78-416471A7C6CD} = {924DA171-CF33-4348-B632-F097F5994383}
		{C8756BB8-BA82-4EA5-9A31-242AD585CC06} = {924DA171-CF33-4348-B632-F097F5994383}
		{566AF319-3966-4354-9D06-2BFA40E881F7} = {924DA171-CF33-4348-B632-F097F5994383}
		{F62551A2-1F78-4C96-9AB5-B36FBB1712FF} = {924DA171-CF33-4348-B632-F097F5994383}
	EndGlobalSection
	GlobalSection(ExtensibilityGlobals) = postSolution
		SolutionGuid = {C9323FA9-193C-4D18-A7EA-7FD8505AC18D}
	EndGlobalSection
EndGlobal
